{
  "name": "quasarfire-api",
  "version": "1.0.0",
  "lockfileVersion": 2,
  "requires": true,
  "packages": {
    "": {
      "version": "1.0.0",
      "license": "ISC",
      "dependencies": {
        "trilateration": "^0.0.1"
      }
    },
    "node_modules/trilateration": {
      "version": "0.0.1",
      "resolved": "https://registry.npmjs.org/trilateration/-/trilateration-0.0.1.tgz",
      "integrity": "sha1-YTiOyZtMsSdHvIvMzkOIfoAAlHI="
    }
  },
  "dependencies": {
    "trilateration": {
      "version": "0.0.1",
      "resolved": "https://registry.npmjs.org/trilateration/-/trilateration-0.0.1.tgz",
      "integrity": "sha1-YTiOyZtMsSdHvIvMzkOIfoAAlHI="
    }
  }
}
