{
  "name": "quasarfire-api",
  "version": "1.0.0",
  "lockfileVersion": 2,
  "requires": true,
  "packages": {
    "": {
      "version": "1.0.0",
      "license": "ISC",
      "dependencies": {
        "weighted-positioning": "^0.0.4"
      }
    },
    "node_modules/weighted-positioning": {
      "version": "0.0.4",
      "resolved": "https://registry.npmjs.org/weighted-positioning/-/weighted-positioning-0.0.4.tgz",
      "integrity": "sha512-pBjcbhyb/HYcRpQ5yB3BArB8YDUV1bDBPgVlsUs5YDIjrMqBJn3yrCfZS+Q6FPqMCuRo6i4ouJDZf16XjYqPzw=="
    }
  },
  "dependencies": {
    "weighted-positioning": {
      "version": "0.0.4",
      "resolved": "https://registry.npmjs.org/weighted-positioning/-/weighted-positioning-0.0.4.tgz",
      "integrity": "sha512-pBjcbhyb/HYcRpQ5yB3BArB8YDUV1bDBPgVlsUs5YDIjrMqBJn3yrCfZS+Q6FPqMCuRo6i4ouJDZf16XjYqPzw=="
    }
  }
}
